
Microsoft Visual Studio Solution File, Format Version 12.00
# Visual Studio Version 17
VisualStudioVersion = 17.0.31903.59
MinimumVisualStudioVersion = 10.0.40219.1
Project("{2150E333-8FDC-42A3-9474-1A3956D46DE8}") = "src", "src", "{827E0CD3-B72D-47B6-A68D-7590B98EB39B}"
EndProject
Project("{FAE04EC0-301F-11D3-BF4B-00C04F79EFBC}") = "Domain", "src\Domain\Domain.csproj", "{5D6FDEEF-BDCE-413B-B8E6-64F29B386D59}"
EndProject
Project("{2150E333-8FDC-42A3-9474-1A3956D46DE8}") = "tests", "tests", "{0AB3BF05-4346-4AA6-1389-037BE0695223}"
EndProject
Project("{FAE04EC0-301F-11D3-BF4B-00C04F79EFBC}") = "Domain.Tests", "tests\Domain.Tests\Domain.Tests.csproj", "{20751ED7-EBD8-4638-BA45-09E2AC0B9B49}"
EndProject
Project("{FAE04EC0-301F-11D3-BF4B-00C04F79EFBC}") = "Infrastructure", "src\Infrastructure\Infrastructure.csproj", "{4CEB1501-943A-4699-8FB3-E2EA3AE40935}"
EndProject
Project("{FAE04EC0-301F-11D3-BF4B-00C04F79EFBC}") = "Api", "src\Api\Api.csproj", "{89804EFE-DE40-4934-90BF-638685A7A908}"
EndProject
Project("{FAE04EC0-301F-11D3-BF4B-00C04F79EFBC}") = "Integration.Tests", "tests\Integration.Tests\Integration.Tests.csproj", "{5D55B56C-8FB9-4CBD-925B-AB5396B449BA}"
EndProject
Global
	GlobalSection(SolutionConfigurationPlatforms) = preSolution
		Debug|Any CPU = Debug|Any CPU
		Debug|x64 = Debug|x64
		Debug|x86 = Debug|x86
		Release|Any CPU = Release|Any CPU
		Release|x64 = Release|x64
		Release|x86 = Release|x86
	EndGlobalSection
	GlobalSection(ProjectConfigurationPlatforms) = postSolution
		{5D6FDEEF-BDCE-413B-B8E6-64F29B386D59}.Debug|Any CPU.ActiveCfg = Debug|Any CPU
		{5D6FDEEF-BDCE-413B-B8E6-64F29B386D59}.Debug|Any CPU.Build.0 = Debug|Any CPU
		{5D6FDEEF-BDCE-413B-B8E6-64F29B386D59}.Debug|x64.ActiveCfg = Debug|Any CPU
		{5D6FDEEF-BDCE-413B-B8E6-64F29B386D59}.Debug|x64.Build.0 = Debug|Any CPU
		{5D6FDEEF-BDCE-413B-B8E6-64F29B386D59}.Debug|x86.ActiveCfg = Debug|Any CPU
		{5D6FDEEF-BDCE-413B-B8E6-64F29B386D59}.Debug|x86.Build.0 = Debug|Any CPU
		{5D6FDEEF-BDCE-413B-B8E6-64F29B386D59}.Release|Any CPU.ActiveCfg = Release|Any CPU
		{5D6FDEEF-BDCE-413B-B8E6-64F29B386D59}.Release|Any CPU.Build.0 = Release|Any CPU
		{5D6FDEEF-BDCE-413B-B8E6-64F29B386D59}.Release|x64.ActiveCfg = Release|Any CPU
		{5D6FDEEF-BDCE-413B-B8E6-64F29B386D59}.Release|x64.Build.0 = Release|Any CPU
		{5D6FDEEF-BDCE-413B-B8E6-64F29B386D59}.Release|x86.ActiveCfg = Release|Any CPU
		{5D6FDEEF-BDCE-413B-B8E6-64F29B386D59}.Release|x86.Build.0 = Release|Any CPU
		{20751ED7-EBD8-4638-BA45-09E2AC0B9B49}.Debug|Any CPU.ActiveCfg = Debug|Any CPU
		{20751ED7-EBD8-4638-BA45-09E2AC0B9B49}.Debug|Any CPU.Build.0 = Debug|Any CPU
		{20751ED7-EBD8-4638-BA45-09E2AC0B9B49}.Debug|x64.ActiveCfg = Debug|Any CPU
		{20751ED7-EBD8-4638-BA45-09E2AC0B9B49}.Debug|x64.Build.0 = Debug|Any CPU
		{20751ED7-EBD8-4638-BA45-09E2AC0B9B49}.Debug|x86.ActiveCfg = Debug|Any CPU
		{20751ED7-EBD8-4638-BA45-09E2AC0B9B49}.Debug|x86.Build.0 = Debug|Any CPU
		{20751ED7-EBD8-4638-BA45-09E2AC0B9B49}.Release|Any CPU.ActiveCfg = Release|Any CPU
		{20751ED7-EBD8-4638-BA45-09E2AC0B9B49}.Release|Any CPU.Build.0 = Release|Any CPU
		{20751ED7-EBD8-4638-BA45-09E2AC0B9B49}.Release|x64.ActiveCfg = Release|Any CPU
		{20751ED7-EBD8-4638-BA45-09E2AC0B9B49}.Release|x64.Build.0 = Release|Any CPU
		{20751ED7-EBD8-4638-BA45-09E2AC0B9B49}.Release|x86.ActiveCfg = Release|Any CPU
		{20751ED7-EBD8-4638-BA45-09E2AC0B9B49}.Release|x86.Build.0 = Release|Any CPU
		{4CEB1501-943A-4699-8FB3-E2EA3AE40935}.Debug|Any CPU.ActiveCfg = Debug|Any CPU
		{4CEB1501-943A-4699-8FB3-E2EA3AE40935}.Debug|Any CPU.Build.0 = Debug|Any CPU
		{4CEB1501-943A-4699-8FB3-E2EA3AE40935}.Debug|x64.ActiveCfg = Debug|Any CPU
		{4CEB1501-943A-4699-8FB3-E2EA3AE40935}.Debug|x64.Build.0 = Debug|Any CPU
		{4CEB1501-943A-4699-8FB3-E2EA3AE40935}.Debug|x86.ActiveCfg = Debug|Any CPU
		{4CEB1501-943A-4699-8FB3-E2EA3AE40935}.Debug|x86.Build.0 = Debug|Any CPU
		{4CEB1501-943A-4699-8FB3-E2EA3AE40935}.Release|Any CPU.ActiveCfg = Release|Any CPU
		{4CEB1501-943A-4699-8FB3-E2EA3AE40935}.Release|Any CPU.Build.0 = Release|Any CPU
		{4CEB1501-943A-4699-8FB3-E2EA3AE40935}.Release|x64.ActiveCfg = Release|Any CPU
		{4CEB1501-943A-4699-8FB3-E2EA3AE40935}.Release|x64.Build.0 = Release|Any CPU
		{4CEB1501-943A-4699-8FB3-E2EA3AE40935}.Release|x86.ActiveCfg = Release|Any CPU
		{4CEB1501-943A-4699-8FB3-E2EA3AE40935}.Release|x86.Build.0 = Release|Any CPU
		{89804EFE-DE40-4934-90BF-638685A7A908}.Debug|Any CPU.ActiveCfg = Debug|Any CPU
		{89804EFE-DE40-4934-90BF-638685A7A908}.Debug|Any CPU.Build.0 = Debug|Any CPU
		{89804EFE-DE40-4934-90BF-638685A7A908}.Debug|x64.ActiveCfg = Debug|Any CPU
		{89804EFE-DE40-4934-90BF-638685A7A908}.Debug|x64.Build.0 = Debug|Any CPU
		{89804EFE-DE40-4934-90BF-638685A7A908}.Debug|x86.ActiveCfg = Debug|Any CPU
		{89804EFE-DE40-4934-90BF-638685A7A908}.Debug|x86.Build.0 = Debug|Any CPU
		{89804EFE-DE40-4934-90BF-638685A7A908}.Release|Any CPU.ActiveCfg = Release|Any CPU
		{89804EFE-DE40-4934-90BF-638685A7A908}.Release|Any CPU.Build.0 = Release|Any CPU
		{89804EFE-DE40-4934-90BF-638685A7A908}.Release|x64.ActiveCfg = Release|Any CPU
		{89804EFE-DE40-4934-90BF-638685A7A908}.Release|x64.Build.0 = Release|Any CPU
		{89804EFE-DE40-4934-90BF-638685A7A908}.Release|x86.ActiveCfg = Release|Any CPU
		{89804EFE-DE40-4934-90BF-638685A7A908}.Release|x86.Build.0 = Release|Any CPU
		{5D55B56C-8FB9-4CBD-925B-AB5396B449BA}.Debug|Any CPU.ActiveCfg = Debug|Any CPU
		{5D55B56C-8FB9-4CBD-925B-AB5396B449BA}.Debug|Any CPU.Build.0 = Debug|Any CPU
		{5D55B56C-8FB9-4CBD-925B-AB5396B449BA}.Debug|x64.ActiveCfg = Debug|Any CPU
		{5D55B56C-8FB9-4CBD-925B-AB5396B449BA}.Debug|x64.Build.0 = Debug|Any CPU
		{5D55B56C-8FB9-4CBD-925B-AB5396B449BA}.Debug|x86.ActiveCfg = Debug|Any CPU
		{5D55B56C-8FB9-4CBD-925B-AB5396B449BA}.Debug|x86.Build.0 = Debug|Any CPU
		{5D55B56C-8FB9-4CBD-925B-AB5396B449BA}.Release|Any CPU.ActiveCfg = Release|Any CPU
		{5D55B56C-8FB9-4CBD-925B-AB5396B449BA}.Release|Any CPU.Build.0 = Release|Any CPU
		{5D55B56C-8FB9-4CBD-925B-AB5396B449BA}.Release|x64.ActiveCfg = Release|Any CPU
		{5D55B56C-8FB9-4CBD-925B-AB5396B449BA}.Release|x64.Build.0 = Release|Any CPU
		{5D55B56C-8FB9-4CBD-925B-AB5396B449BA}.Release|x86.ActiveCfg = Release|Any CPU
		{5D55B56C-8FB9-4CBD-925B-AB5396B449BA}.Release|x86.Build.0 = Release|Any CPU
	EndGlobalSection
	GlobalSection(SolutionProperties) = preSolution
		HideSolutionNode = FALSE
	EndGlobalSection
	GlobalSection(NestedProjects) = preSolution
		{5D6FDEEF-BDCE-413B-B8E6-64F29B386D59} = {827E0CD3-B72D-47B6-A68D-7590B98EB39B}
		{20751ED7-EBD8-4638-BA45-09E2AC0B9B49} = {0AB3BF05-4346-4AA6-1389-037BE0695223}
		{4CEB1501-943A-4699-8FB3-E2EA3AE40935} = {827E0CD3-B72D-47B6-A68D-7590B98EB39B}
		{89804EFE-DE40-4934-90BF-638685A7A908} = {827E0CD3-B72D-47B6-A68D-7590B98EB39B}
		{5D55B56C-8FB9-4CBD-925B-AB5396B449BA} = {0AB3BF05-4346-4AA6-1389-037BE0695223}
	EndGlobalSection
EndGlobal
